
Microsoft Visual Studio Solution File, Format Version 12.00
# Visual Studio Version 17
VisualStudioVersion = 17.7.34003.232
MinimumVisualStudioVersion = 10.0.40219.1
Project("{FAE04EC0-301F-11D3-BF4B-00C04F79EFBC}") = "AzureOpenAIImageConsole", "AzureOpenAIImageConsole\AzureOpenAIImageConsole.csproj", "{C84C1990-5335-4A2F-B774-490E37291907}"
EndProject
Global
	GlobalSection(SolutionConfigurationPlatforms) = preSolution
		Debug|Any CPU = Debug|Any CPU
		Release|Any CPU = Release|Any CPU
	EndGlobalSection
	GlobalSection(ProjectConfigurationPlatforms) = postSolution
		{C84C1990-5335-4A2F-B774-490E37291907}.Debug|Any CPU.ActiveCfg = Debug|Any CPU
		{C84C1990-5335-4A2F-B774-490E37291907}.Debug|Any CPU.Build.0 = Debug|Any CPU
		{C84C1990-5335-4A2F-B774-490E37291907}.Release|Any CPU.ActiveCfg = Release|Any CPU
		{C84C1990-5335-4A2F-B774-490E37291907}.Release|Any CPU.Build.0 = Release|Any CPU
	EndGlobalSection
	GlobalSection(SolutionProperties) = preSolution
		HideSolutionNode = FALSE
	EndGlobalSection
	GlobalSection(ExtensibilityGlobals) = postSolution
		SolutionGuid = {BA25B1CF-1989-45FA-8683-2E10F6DD8A64}
	EndGlobalSection
EndGlobal
